// !$*UTF8*$!
{
	archiveVersion = 1;
	classes = {
	};
	objectVersion = 50;
	objects = {

/* Begin PBXBuildFile section */
		EC2BE3272185B3D6008ABCF6 /* AppDelegate.swift in Sources */ = {isa = PBXBuildFile; fileRef = EC2BE3262185B3D6008ABCF6 /* AppDelegate.swift */; };
		EC2BE32C2185B3D6008ABCF6 /* Main.storyboard in Resources */ = {isa = PBXBuildFile; fileRef = EC2BE32A2185B3D6008ABCF6 /* Main.storyboard */; };
		EC2BE32E2185B3D7008ABCF6 /* Assets.xcassets in Resources */ = {isa = PBXBuildFile; fileRef = EC2BE32D2185B3D7008ABCF6 /* Assets.xcassets */; };
		EC2BE3312185B3D7008ABCF6 /* LaunchScreen.storyboard in Resources */ = {isa = PBXBuildFile; fileRef = EC2BE32F2185B3D7008ABCF6 /* LaunchScreen.storyboard */; };
		EC2BE33F2185B75E008ABCF6 /* ListViewController.swift in Sources */ = {isa = PBXBuildFile; fileRef = EC2BE33B2185B75E008ABCF6 /* ListViewController.swift */; };
		EC2BE3412185B783008ABCF6 /* ListPresenter.swift in Sources */ = {isa = PBXBuildFile; fileRef = EC2BE3402185B783008ABCF6 /* ListPresenter.swift */; };
		EC2BE3432185B78F008ABCF6 /* ListInteractor.swift in Sources */ = {isa = PBXBuildFile; fileRef = EC2BE3422185B78F008ABCF6 /* ListInteractor.swift */; };
		EC2BE3452185B79F008ABCF6 /* ListConfigurator.swift in Sources */ = {isa = PBXBuildFile; fileRef = EC2BE3442185B79F008ABCF6 /* ListConfigurator.swift */; };
		EC2BE3472185BDC5008ABCF6 /* ListModuleProtocols.swift in Sources */ = {isa = PBXBuildFile; fileRef = EC2BE3462185BDC5008ABCF6 /* ListModuleProtocols.swift */; };
		EC2BE3492185BEA6008ABCF6 /* ProductCell.swift in Sources */ = {isa = PBXBuildFile; fileRef = EC2BE3482185BEA6008ABCF6 /* ProductCell.swift */; };
		EC2BE34C2185C2BD008ABCF6 /* CommonProtocols.swift in Sources */ = {isa = PBXBuildFile; fileRef = EC2BE34B2185C2BD008ABCF6 /* CommonProtocols.swift */; };
		EC2BE3532185D93F008ABCF6 /* NetworkingManager.swift in Sources */ = {isa = PBXBuildFile; fileRef = EC2BE3522185D93F008ABCF6 /* NetworkingManager.swift */; };
		EC2BE3562185D9E2008ABCF6 /* CommonUtility.swift in Sources */ = {isa = PBXBuildFile; fileRef = EC2BE3542185D9E2008ABCF6 /* CommonUtility.swift */; };
		EC2BE3572185D9E2008ABCF6 /* Constants.swift in Sources */ = {isa = PBXBuildFile; fileRef = EC2BE3552185D9E2008ABCF6 /* Constants.swift */; };
		EC2BE391218611FD008ABCF6 /* Extensions.swift in Sources */ = {isa = PBXBuildFile; fileRef = EC2BE390218611FD008ABCF6 /* Extensions.swift */; };
		EC2BE39621862086008ABCF6 /* Product.swift in Sources */ = {isa = PBXBuildFile; fileRef = EC2BE39321862086008ABCF6 /* Product.swift */; };
		EC2BE39721862086008ABCF6 /* ProductListAPIWrapper.swift in Sources */ = {isa = PBXBuildFile; fileRef = EC2BE39521862086008ABCF6 /* ProductListAPIWrapper.swift */; };
		EC2BE3A0218620FF008ABCF6 /* ProductDetailPresenter.swift in Sources */ = {isa = PBXBuildFile; fileRef = EC2BE39F218620FF008ABCF6 /* ProductDetailPresenter.swift */; };
		EC2BE3A221862121008ABCF6 /* ProductDetailViewController.swift in Sources */ = {isa = PBXBuildFile; fileRef = EC2BE3A121862121008ABCF6 /* ProductDetailViewController.swift */; };
		EC2BE3A421862139008ABCF6 /* ProductDetailModuleProtocol.swift in Sources */ = {isa = PBXBuildFile; fileRef = EC2BE3A321862139008ABCF6 /* ProductDetailModuleProtocol.swift */; };
		EC2BE3A7218622A5008ABCF6 /* ProductDetailConfigurator.swift in Sources */ = {isa = PBXBuildFile; fileRef = EC2BE3A6218622A5008ABCF6 /* ProductDetailConfigurator.swift */; };
		EC2BE3A921874480008ABCF6 /* LoaderCell.swift in Sources */ = {isa = PBXBuildFile; fileRef = EC2BE3A82187447F008ABCF6 /* LoaderCell.swift */; };
		EC2BE3AC21875012008ABCF6 /* ListRouter.swift in Sources */ = {isa = PBXBuildFile; fileRef = EC2BE3AB21875012008ABCF6 /* ListRouter.swift */; };
		EC2BE3BE2187573F008ABCF6 /* ListMockAPIWrapper.swift in Sources */ = {isa = PBXBuildFile; fileRef = EC2BE3BD2187573F008ABCF6 /* ListMockAPIWrapper.swift */; };
		EC2BE3C12187581D008ABCF6 /* TestUtility.swift in Sources */ = {isa = PBXBuildFile; fileRef = EC2BE3C02187581D008ABCF6 /* TestUtility.swift */; };
		EC2BE3C321875894008ABCF6 /* productList.json in Resources */ = {isa = PBXBuildFile; fileRef = EC2BE3C221875894008ABCF6 /* productList.json */; };
		EC2BE3C52187593D008ABCF6 /* ListInteractorTest.swift in Sources */ = {isa = PBXBuildFile; fileRef = EC2BE3C42187593D008ABCF6 /* ListInteractorTest.swift */; };
		EC2BE3C721875E8B008ABCF6 /* ListMockInteractor.swift in Sources */ = {isa = PBXBuildFile; fileRef = EC2BE3C621875E8B008ABCF6 /* ListMockInteractor.swift */; };
		EC2BE3C9218766CA008ABCF6 /* ListPresenterTest.swift in Sources */ = {isa = PBXBuildFile; fileRef = EC2BE3C8218766CA008ABCF6 /* ListPresenterTest.swift */; };
		EC2BE3CC21876E4B008ABCF6 /* ProductTest.swift in Sources */ = {isa = PBXBuildFile; fileRef = EC2BE3CB21876E4B008ABCF6 /* ProductTest.swift */; };
		EC2BE3CE21876EA3008ABCF6 /* product.json in Resources */ = {isa = PBXBuildFile; fileRef = EC2BE3CD21876EA3008ABCF6 /* product.json */; };
/* End PBXBuildFile section */

/* Begin PBXContainerItemProxy section */
		EC2BE3B6218756FC008ABCF6 /* PBXContainerItemProxy */ = {
			isa = PBXContainerItemProxy;
			containerPortal = EC2BE31B2185B3D5008ABCF6 /* Project object */;
			proxyType = 1;
			remoteGlobalIDString = EC2BE3222185B3D6008ABCF6;
			remoteInfo = Grid;
		};
/* End PBXContainerItemProxy section */

/* Begin PBXFileReference section */
		EC2BE3232185B3D6008ABCF6 /* Grid.app */ = {isa = PBXFileReference; explicitFileType = wrapper.application; includeInIndex = 0; path = Grid.app; sourceTree = BUILT_PRODUCTS_DIR; };
		EC2BE3262185B3D6008ABCF6 /* AppDelegate.swift */ = {isa = PBXFileReference; lastKnownFileType = sourcecode.swift; path = AppDelegate.swift; sourceTree = "<group>"; };
		EC2BE32B2185B3D6008ABCF6 /* Base */ = {isa = PBXFileReference; lastKnownFileType = file.storyboard; name = Base; path = Base.lproj/Main.storyboard; sourceTree = "<group>"; };
		EC2BE32D2185B3D7008ABCF6 /* Assets.xcassets */ = {isa = PBXFileReference; lastKnownFileType = folder.assetcatalog; path = Assets.xcassets; sourceTree = "<group>"; };
		EC2BE3302185B3D7008ABCF6 /* Base */ = {isa = PBXFileReference; lastKnownFileType = file.storyboard; name = Base; path = Base.lproj/LaunchScreen.storyboard; sourceTree = "<group>"; };
		EC2BE3322185B3D7008ABCF6 /* Info.plist */ = {isa = PBXFileReference; lastKnownFileType = text.plist.xml; path = Info.plist; sourceTree = "<group>"; };
		EC2BE33B2185B75E008ABCF6 /* ListViewController.swift */ = {isa = PBXFileReference; fileEncoding = 4; lastKnownFileType = sourcecode.swift; path = ListViewController.swift; sourceTree = "<group>"; };
		EC2BE3402185B783008ABCF6 /* ListPresenter.swift */ = {isa = PBXFileReference; lastKnownFileType = sourcecode.swift; path = ListPresenter.swift; sourceTree = "<group>"; };
		EC2BE3422185B78F008ABCF6 /* ListInteractor.swift */ = {isa = PBXFileReference; lastKnownFileType = sourcecode.swift; path = ListInteractor.swift; sourceTree = "<group>"; };
		EC2BE3442185B79F008ABCF6 /* ListConfigurator.swift */ = {isa = PBXFileReference; lastKnownFileType = sourcecode.swift; path = ListConfigurator.swift; sourceTree = "<group>"; };
		EC2BE3462185BDC5008ABCF6 /* ListModuleProtocols.swift */ = {isa = PBXFileReference; lastKnownFileType = sourcecode.swift; path = ListModuleProtocols.swift; sourceTree = "<group>"; };
		EC2BE3482185BEA6008ABCF6 /* ProductCell.swift */ = {isa = PBXFileReference; lastKnownFileType = sourcecode.swift; path = ProductCell.swift; sourceTree = "<group>"; };
		EC2BE34B2185C2BD008ABCF6 /* CommonProtocols.swift */ = {isa = PBXFileReference; lastKnownFileType = sourcecode.swift; path = CommonProtocols.swift; sourceTree = "<group>"; };
		EC2BE3522185D93F008ABCF6 /* NetworkingManager.swift */ = {isa = PBXFileReference; fileEncoding = 4; lastKnownFileType = sourcecode.swift; path = NetworkingManager.swift; sourceTree = "<group>"; };
		EC2BE3542185D9E2008ABCF6 /* CommonUtility.swift */ = {isa = PBXFileReference; fileEncoding = 4; lastKnownFileType = sourcecode.swift; path = CommonUtility.swift; sourceTree = "<group>"; };
		EC2BE3552185D9E2008ABCF6 /* Constants.swift */ = {isa = PBXFileReference; fileEncoding = 4; lastKnownFileType = sourcecode.swift; path = Constants.swift; sourceTree = "<group>"; };
		EC2BE390218611FD008ABCF6 /* Extensions.swift */ = {isa = PBXFileReference; lastKnownFileType = sourcecode.swift; path = Extensions.swift; sourceTree = "<group>"; };
		EC2BE39321862086008ABCF6 /* Product.swift */ = {isa = PBXFileReference; fileEncoding = 4; lastKnownFileType = sourcecode.swift; path = Product.swift; sourceTree = "<group>"; };
		EC2BE39521862086008ABCF6 /* ProductListAPIWrapper.swift */ = {isa = PBXFileReference; fileEncoding = 4; lastKnownFileType = sourcecode.swift; path = ProductListAPIWrapper.swift; sourceTree = "<group>"; };
		EC2BE39F218620FF008ABCF6 /* ProductDetailPresenter.swift */ = {isa = PBXFileReference; lastKnownFileType = sourcecode.swift; path = ProductDetailPresenter.swift; sourceTree = "<group>"; };
		EC2BE3A121862121008ABCF6 /* ProductDetailViewController.swift */ = {isa = PBXFileReference; lastKnownFileType = sourcecode.swift; path = ProductDetailViewController.swift; sourceTree = "<group>"; };
		EC2BE3A321862139008ABCF6 /* ProductDetailModuleProtocol.swift */ = {isa = PBXFileReference; lastKnownFileType = sourcecode.swift; path = ProductDetailModuleProtocol.swift; sourceTree = "<group>"; };
		EC2BE3A6218622A5008ABCF6 /* ProductDetailConfigurator.swift */ = {isa = PBXFileReference; lastKnownFileType = sourcecode.swift; path = ProductDetailConfigurator.swift; sourceTree = "<group>"; };
		EC2BE3A82187447F008ABCF6 /* LoaderCell.swift */ = {isa = PBXFileReference; lastKnownFileType = sourcecode.swift; path = LoaderCell.swift; sourceTree = "<group>"; };
		EC2BE3AB21875012008ABCF6 /* ListRouter.swift */ = {isa = PBXFileReference; lastKnownFileType = sourcecode.swift; path = ListRouter.swift; sourceTree = "<group>"; };
		EC2BE3B1218756FC008ABCF6 /* GridTests.xctest */ = {isa = PBXFileReference; explicitFileType = wrapper.cfbundle; includeInIndex = 0; path = GridTests.xctest; sourceTree = BUILT_PRODUCTS_DIR; };
		EC2BE3B5218756FC008ABCF6 /* Info.plist */ = {isa = PBXFileReference; lastKnownFileType = text.plist.xml; path = Info.plist; sourceTree = "<group>"; };
		EC2BE3BD2187573F008ABCF6 /* ListMockAPIWrapper.swift */ = {isa = PBXFileReference; lastKnownFileType = sourcecode.swift; path = ListMockAPIWrapper.swift; sourceTree = "<group>"; };
		EC2BE3C02187581D008ABCF6 /* TestUtility.swift */ = {isa = PBXFileReference; fileEncoding = 4; lastKnownFileType = sourcecode.swift; path = TestUtility.swift; sourceTree = "<group>"; };
		EC2BE3C221875894008ABCF6 /* productList.json */ = {isa = PBXFileReference; fileEncoding = 4; lastKnownFileType = text.json; path = productList.json; sourceTree = "<group>"; };
		EC2BE3C42187593D008ABCF6 /* ListInteractorTest.swift */ = {isa = PBXFileReference; lastKnownFileType = sourcecode.swift; path = ListInteractorTest.swift; sourceTree = "<group>"; };
		EC2BE3C621875E8B008ABCF6 /* ListMockInteractor.swift */ = {isa = PBXFileReference; lastKnownFileType = sourcecode.swift; path = ListMockInteractor.swift; sourceTree = "<group>"; };
		EC2BE3C8218766CA008ABCF6 /* ListPresenterTest.swift */ = {isa = PBXFileReference; lastKnownFileType = sourcecode.swift; path = ListPresenterTest.swift; sourceTree = "<group>"; };
		EC2BE3CB21876E4B008ABCF6 /* ProductTest.swift */ = {isa = PBXFileReference; lastKnownFileType = sourcecode.swift; path = ProductTest.swift; sourceTree = "<group>"; };
		EC2BE3CD21876EA3008ABCF6 /* product.json */ = {isa = PBXFileReference; fileEncoding = 4; lastKnownFileType = text.json; path = product.json; sourceTree = "<group>"; };
/* End PBXFileReference section */

/* Begin PBXFrameworksBuildPhase section */
		EC2BE3202185B3D6008ABCF6 /* Frameworks */ = {
			isa = PBXFrameworksBuildPhase;
			buildActionMask = 2147483647;
			files = (
			);
			runOnlyForDeploymentPostprocessing = 0;
		};
		EC2BE3AE218756FC008ABCF6 /* Frameworks */ = {
			isa = PBXFrameworksBuildPhase;
			buildActionMask = 2147483647;
			files = (
			);
			runOnlyForDeploymentPostprocessing = 0;
		};
/* End PBXFrameworksBuildPhase section */

/* Begin PBXGroup section */
		EC2BE31A2185B3D5008ABCF6 = {
			isa = PBXGroup;
			children = (
				EC2BE3252185B3D6008ABCF6 /* Grid */,
				EC2BE3B2218756FC008ABCF6 /* GridTests */,
				EC2BE3242185B3D6008ABCF6 /* Products */,
			);
			sourceTree = "<group>";
		};
		EC2BE3242185B3D6008ABCF6 /* Products */ = {
			isa = PBXGroup;
			children = (
				EC2BE3232185B3D6008ABCF6 /* Grid.app */,
				EC2BE3B1218756FC008ABCF6 /* GridTests.xctest */,
			);
			name = Products;
			sourceTree = "<group>";
		};
		EC2BE3252185B3D6008ABCF6 /* Grid */ = {
			isa = PBXGroup;
			children = (
				EC2BE398218620AB008ABCF6 /* DetailModule */,
				EC2BE39421862086008ABCF6 /* APIWrapper */,
				EC2BE39221862086008ABCF6 /* Model */,
				EC2BE3512185D93F008ABCF6 /* Networking */,
				EC2BE34A2185C2AE008ABCF6 /* Utilities */,
				EC2BE3382185B75E008ABCF6 /* ListModule */,
				EC2BE3262185B3D6008ABCF6 /* AppDelegate.swift */,
				EC2BE32A2185B3D6008ABCF6 /* Main.storyboard */,
				EC2BE32D2185B3D7008ABCF6 /* Assets.xcassets */,
				EC2BE32F2185B3D7008ABCF6 /* LaunchScreen.storyboard */,
				EC2BE3322185B3D7008ABCF6 /* Info.plist */,
			);
			path = Grid;
			sourceTree = "<group>";
		};
		EC2BE3382185B75E008ABCF6 /* ListModule */ = {
			isa = PBXGroup;
			children = (
				EC2BE3AA21875004008ABCF6 /* Router */,
				EC2BE3392185B75E008ABCF6 /* Presenter */,
				EC2BE33A2185B75E008ABCF6 /* View */,
				EC2BE33C2185B75E008ABCF6 /* Configurator */,
				EC2BE33D2185B75E008ABCF6 /* Protocols */,
				EC2BE33E2185B75E008ABCF6 /* Interactor */,
			);
			path = ListModule;
			sourceTree = "<group>";
		};
		EC2BE3392185B75E008ABCF6 /* Presenter */ = {
			isa = PBXGroup;
			children = (
				EC2BE3402185B783008ABCF6 /* ListPresenter.swift */,
			);
			path = Presenter;
			sourceTree = "<group>";
		};
		EC2BE33A2185B75E008ABCF6 /* View */ = {
			isa = PBXGroup;
			children = (
				EC2BE33B2185B75E008ABCF6 /* ListViewController.swift */,
				EC2BE3482185BEA6008ABCF6 /* ProductCell.swift */,
				EC2BE3A82187447F008ABCF6 /* LoaderCell.swift */,
			);
			path = View;
			sourceTree = "<group>";
		};
		EC2BE33C2185B75E008ABCF6 /* Configurator */ = {
			isa = PBXGroup;
			children = (
				EC2BE3442185B79F008ABCF6 /* ListConfigurator.swift */,
			);
			path = Configurator;
			sourceTree = "<group>";
		};
		EC2BE33D2185B75E008ABCF6 /* Protocols */ = {
			isa = PBXGroup;
			children = (
				EC2BE3462185BDC5008ABCF6 /* ListModuleProtocols.swift */,
			);
			path = Protocols;
			sourceTree = "<group>";
		};
		EC2BE33E2185B75E008ABCF6 /* Interactor */ = {
			isa = PBXGroup;
			children = (
				EC2BE3422185B78F008ABCF6 /* ListInteractor.swift */,
			);
			path = Interactor;
			sourceTree = "<group>";
		};
		EC2BE34A2185C2AE008ABCF6 /* Utilities */ = {
			isa = PBXGroup;
			children = (
				EC2BE3542185D9E2008ABCF6 /* CommonUtility.swift */,
				EC2BE3552185D9E2008ABCF6 /* Constants.swift */,
				EC2BE34B2185C2BD008ABCF6 /* CommonProtocols.swift */,
				EC2BE390218611FD008ABCF6 /* Extensions.swift */,
			);
			path = Utilities;
			sourceTree = "<group>";
		};
		EC2BE3512185D93F008ABCF6 /* Networking */ = {
			isa = PBXGroup;
			children = (
				EC2BE3522185D93F008ABCF6 /* NetworkingManager.swift */,
			);
			path = Networking;
			sourceTree = "<group>";
		};
		EC2BE39221862086008ABCF6 /* Model */ = {
			isa = PBXGroup;
			children = (
				EC2BE39321862086008ABCF6 /* Product.swift */,
			);
			path = Model;
			sourceTree = "<group>";
		};
		EC2BE39421862086008ABCF6 /* APIWrapper */ = {
			isa = PBXGroup;
			children = (
				EC2BE39521862086008ABCF6 /* ProductListAPIWrapper.swift */,
			);
			path = APIWrapper;
			sourceTree = "<group>";
		};
		EC2BE398218620AB008ABCF6 /* DetailModule */ = {
			isa = PBXGroup;
			children = (
				EC2BE3A52186226F008ABCF6 /* Configurator */,
				EC2BE39A218620DF008ABCF6 /* Presenter */,
				EC2BE39C218620DF008ABCF6 /* Protocols */,
				EC2BE39B218620DF008ABCF6 /* View */,
			);
			path = DetailModule;
			sourceTree = "<group>";
		};
		EC2BE39A218620DF008ABCF6 /* Presenter */ = {
			isa = PBXGroup;
			children = (
				EC2BE39F218620FF008ABCF6 /* ProductDetailPresenter.swift */,
			);
			path = Presenter;
			sourceTree = "<group>";
		};
		EC2BE39B218620DF008ABCF6 /* View */ = {
			isa = PBXGroup;
			children = (
				EC2BE3A121862121008ABCF6 /* ProductDetailViewController.swift */,
			);
			path = View;
			sourceTree = "<group>";
		};
		EC2BE39C218620DF008ABCF6 /* Protocols */ = {
			isa = PBXGroup;
			children = (
				EC2BE3A321862139008ABCF6 /* ProductDetailModuleProtocol.swift */,
			);
			path = Protocols;
			sourceTree = "<group>";
		};
		EC2BE3A52186226F008ABCF6 /* Configurator */ = {
			isa = PBXGroup;
			children = (
				EC2BE3A6218622A5008ABCF6 /* ProductDetailConfigurator.swift */,
			);
			path = Configurator;
			sourceTree = "<group>";
		};
		EC2BE3AA21875004008ABCF6 /* Router */ = {
			isa = PBXGroup;
			children = (
				EC2BE3AB21875012008ABCF6 /* ListRouter.swift */,
			);
			path = Router;
			sourceTree = "<group>";
		};
		EC2BE3B2218756FC008ABCF6 /* GridTests */ = {
			isa = PBXGroup;
			children = (
				EC2BE3CA21876E3F008ABCF6 /* ProductTest */,
				EC2BE3BF2187581D008ABCF6 /* Utility */,
				EC2BE3BC21875727008ABCF6 /* ListInteractorTest */,
				EC2BE3BB21875727008ABCF6 /* ListPresenterTest */,
				EC2BE3B5218756FC008ABCF6 /* Info.plist */,
			);
			path = GridTests;
			sourceTree = "<group>";
		};
		EC2BE3BB21875727008ABCF6 /* ListPresenterTest */ = {
			isa = PBXGroup;
			children = (
				EC2BE3C621875E8B008ABCF6 /* ListMockInteractor.swift */,
				EC2BE3C8218766CA008ABCF6 /* ListPresenterTest.swift */,
			);
			path = ListPresenterTest;
			sourceTree = "<group>";
		};
		EC2BE3BC21875727008ABCF6 /* ListInteractorTest */ = {
			isa = PBXGroup;
			children = (
				EC2BE3C221875894008ABCF6 /* productList.json */,
				EC2BE3BD2187573F008ABCF6 /* ListMockAPIWrapper.swift */,
				EC2BE3C42187593D008ABCF6 /* ListInteractorTest.swift */,
			);
			path = ListInteractorTest;
			sourceTree = "<group>";
		};
		EC2BE3BF2187581D008ABCF6 /* Utility */ = {
			isa = PBXGroup;
			children = (
				EC2BE3C02187581D008ABCF6 /* TestUtility.swift */,
			);
			path = Utility;
			sourceTree = "<group>";
		};
		EC2BE3CA21876E3F008ABCF6 /* ProductTest */ = {
			isa = PBXGroup;
			children = (
				EC2BE3CD21876EA3008ABCF6 /* product.json */,
				EC2BE3CB21876E4B008ABCF6 /* ProductTest.swift */,
			);
			path = ProductTest;
			sourceTree = "<group>";
		};
/* End PBXGroup section */

/* Begin PBXNativeTarget section */
		EC2BE3222185B3D6008ABCF6 /* Grid */ = {
			isa = PBXNativeTarget;
			buildConfigurationList = EC2BE3352185B3D7008ABCF6 /* Build configuration list for PBXNativeTarget "Grid" */;
			buildPhases = (
				EC2BE31F2185B3D6008ABCF6 /* Sources */,
				EC2BE3202185B3D6008ABCF6 /* Frameworks */,
				EC2BE3212185B3D6008ABCF6 /* Resources */,
			);
			buildRules = (
			);
			dependencies = (
			);
			name = Grid;
			productName = Grid;
			productReference = EC2BE3232185B3D6008ABCF6 /* Grid.app */;
			productType = "com.apple.product-type.application";
		};
		EC2BE3B0218756FC008ABCF6 /* GridTests */ = {
			isa = PBXNativeTarget;
			buildConfigurationList = EC2BE3B8218756FC008ABCF6 /* Build configuration list for PBXNativeTarget "GridTests" */;
			buildPhases = (
				EC2BE3AD218756FC008ABCF6 /* Sources */,
				EC2BE3AE218756FC008ABCF6 /* Frameworks */,
				EC2BE3AF218756FC008ABCF6 /* Resources */,
			);
			buildRules = (
			);
			dependencies = (
				EC2BE3B7218756FC008ABCF6 /* PBXTargetDependency */,
			);
			name = GridTests;
			productName = GridTests;
			productReference = EC2BE3B1218756FC008ABCF6 /* GridTests.xctest */;
			productType = "com.apple.product-type.bundle.unit-test";
		};
/* End PBXNativeTarget section */

/* Begin PBXProject section */
		EC2BE31B2185B3D5008ABCF6 /* Project object */ = {
			isa = PBXProject;
			attributes = {
				LastSwiftUpdateCheck = 1000;
				LastUpgradeCheck = 1000;
				ORGANIZATIONNAME = "Rahul Narang";
				TargetAttributes = {
					EC2BE3222185B3D6008ABCF6 = {
						CreatedOnToolsVersion = 10.0;
					};
					EC2BE3B0218756FC008ABCF6 = {
						CreatedOnToolsVersion = 10.0;
						TestTargetID = EC2BE3222185B3D6008ABCF6;
					};
				};
			};
			buildConfigurationList = EC2BE31E2185B3D5008ABCF6 /* Build configuration list for PBXProject "Grid" */;
			compatibilityVersion = "Xcode 9.3";
			developmentRegion = en;
			hasScannedForEncodings = 0;
			knownRegions = (
				en,
				Base,
			);
			mainGroup = EC2BE31A2185B3D5008ABCF6;
			productRefGroup = EC2BE3242185B3D6008ABCF6 /* Products */;
			projectDirPath = "";
			projectRoot = "";
			targets = (
				EC2BE3222185B3D6008ABCF6 /* Grid */,
				EC2BE3B0218756FC008ABCF6 /* GridTests */,
			);
		};
/* End PBXProject section */

/* Begin PBXResourcesBuildPhase section */
		EC2BE3212185B3D6008ABCF6 /* Resources */ = {
			isa = PBXResourcesBuildPhase;
			buildActionMask = 2147483647;
			files = (
				EC2BE3312185B3D7008ABCF6 /* LaunchScreen.storyboard in Resources */,
				EC2BE32E2185B3D7008ABCF6 /* Assets.xcassets in Resources */,
				EC2BE32C2185B3D6008ABCF6 /* Main.storyboard in Resources */,
			);
			runOnlyForDeploymentPostprocessing = 0;
		};
		EC2BE3AF218756FC008ABCF6 /* Resources */ = {
			isa = PBXResourcesBuildPhase;
			buildActionMask = 2147483647;
			files = (
				EC2BE3C321875894008ABCF6 /* productList.json in Resources */,
				EC2BE3CE21876EA3008ABCF6 /* product.json in Resources */,
			);
			runOnlyForDeploymentPostprocessing = 0;
		};
/* End PBXResourcesBuildPhase section */

/* Begin PBXSourcesBuildPhase section */
		EC2BE31F2185B3D6008ABCF6 /* Sources */ = {
			isa = PBXSourcesBuildPhase;
			buildActionMask = 2147483647;
			files = (
				EC2BE3A421862139008ABCF6 /* ProductDetailModuleProtocol.swift in Sources */,
				EC2BE33F2185B75E008ABCF6 /* ListViewController.swift in Sources */,
				EC2BE3472185BDC5008ABCF6 /* ListModuleProtocols.swift in Sources */,
				EC2BE39721862086008ABCF6 /* ProductListAPIWrapper.swift in Sources */,
				EC2BE3A0218620FF008ABCF6 /* ProductDetailPresenter.swift in Sources */,
				EC2BE3562185D9E2008ABCF6 /* CommonUtility.swift in Sources */,
				EC2BE3412185B783008ABCF6 /* ListPresenter.swift in Sources */,
				EC2BE3432185B78F008ABCF6 /* ListInteractor.swift in Sources */,
				EC2BE3572185D9E2008ABCF6 /* Constants.swift in Sources */,
				EC2BE3272185B3D6008ABCF6 /* AppDelegate.swift in Sources */,
				EC2BE391218611FD008ABCF6 /* Extensions.swift in Sources */,
				EC2BE3A221862121008ABCF6 /* ProductDetailViewController.swift in Sources */,
				EC2BE3532185D93F008ABCF6 /* NetworkingManager.swift in Sources */,
				EC2BE3492185BEA6008ABCF6 /* ProductCell.swift in Sources */,
				EC2BE3AC21875012008ABCF6 /* ListRouter.swift in Sources */,
				EC2BE3A7218622A5008ABCF6 /* ProductDetailConfigurator.swift in Sources */,
				EC2BE34C2185C2BD008ABCF6 /* CommonProtocols.swift in Sources */,
				EC2BE3452185B79F008ABCF6 /* ListConfigurator.swift in Sources */,
				EC2BE3A921874480008ABCF6 /* LoaderCell.swift in Sources */,
				EC2BE39621862086008ABCF6 /* Product.swift in Sources */,
			);
			runOnlyForDeploymentPostprocessing = 0;
		};
		EC2BE3AD218756FC008ABCF6 /* Sources */ = {
			isa = PBXSourcesBuildPhase;
			buildActionMask = 2147483647;
			files = (
				EC2BE3BE2187573F008ABCF6 /* ListMockAPIWrapper.swift in Sources */,
				EC2BE3C12187581D008ABCF6 /* TestUtility.swift in Sources */,
				EC2BE3CC21876E4B008ABCF6 /* ProductTest.swift in Sources */,
				EC2BE3C9218766CA008ABCF6 /* ListPresenterTest.swift in Sources */,
				EC2BE3C721875E8B008ABCF6 /* ListMockInteractor.swift in Sources */,
				EC2BE3C52187593D008ABCF6 /* ListInteractorTest.swift in Sources */,
			);
			runOnlyForDeploymentPostprocessing = 0;
		};
/* End PBXSourcesBuildPhase section */

/* Begin PBXTargetDependency section */
		EC2BE3B7218756FC008ABCF6 /* PBXTargetDependency */ = {
			isa = PBXTargetDependency;
			target = EC2BE3222185B3D6008ABCF6 /* Grid */;
			targetProxy = EC2BE3B6218756FC008ABCF6 /* PBXContainerItemProxy */;
		};
/* End PBXTargetDependency section */

/* Begin PBXVariantGroup section */
		EC2BE32A2185B3D6008ABCF6 /* Main.storyboard */ = {
			isa = PBXVariantGroup;
			children = (
				EC2BE32B2185B3D6008ABCF6 /* Base */,
			);
			name = Main.storyboard;
			sourceTree = "<group>";
		};
		EC2BE32F2185B3D7008ABCF6 /* LaunchScreen.storyboard */ = {
			isa = PBXVariantGroup;
			children = (
				EC2BE3302185B3D7008ABCF6 /* Base */,
			);
			name = LaunchScreen.storyboard;
			sourceTree = "<group>";
		};
/* End PBXVariantGroup section */

/* Begin XCBuildConfiguration section */
		EC2BE3332185B3D7008ABCF6 /* Debug */ = {
			isa = XCBuildConfiguration;
			buildSettings = {
				ALWAYS_SEARCH_USER_PATHS = NO;
				CLANG_ANALYZER_NONNULL = YES;
				CLANG_ANALYZER_NUMBER_OBJECT_CONVERSION = YES_AGGRESSIVE;
				CLANG_CXX_LANGUAGE_STANDARD = "gnu++14";
				CLANG_CXX_LIBRARY = "libc++";
				CLANG_ENABLE_MODULES = YES;
				CLANG_ENABLE_OBJC_ARC = YES;
				CLANG_ENABLE_OBJC_WEAK = YES;
				CLANG_WARN_BLOCK_CAPTURE_AUTORELEASING = YES;
				CLANG_WARN_BOOL_CONVERSION = YES;
				CLANG_WARN_COMMA = YES;
				CLANG_WARN_CONSTANT_CONVERSION = YES;
				CLANG_WARN_DEPRECATED_OBJC_IMPLEMENTATIONS = YES;
				CLANG_WARN_DIRECT_OBJC_ISA_USAGE = YES_ERROR;
				CLANG_WARN_DOCUMENTATION_COMMENTS = YES;
				CLANG_WARN_EMPTY_BODY = YES;
				CLANG_WARN_ENUM_CONVERSION = YES;
				CLANG_WARN_INFINITE_RECURSION = YES;
				CLANG_WARN_INT_CONVERSION = YES;
				CLANG_WARN_NON_LITERAL_NULL_CONVERSION = YES;
				CLANG_WARN_OBJC_IMPLICIT_RETAIN_SELF = YES;
				CLANG_WARN_OBJC_LITERAL_CONVERSION = YES;
				CLANG_WARN_OBJC_ROOT_CLASS = YES_ERROR;
				CLANG_WARN_RANGE_LOOP_ANALYSIS = YES;
				CLANG_WARN_STRICT_PROTOTYPES = YES;
				CLANG_WARN_SUSPICIOUS_MOVE = YES;
				CLANG_WARN_UNGUARDED_AVAILABILITY = YES_AGGRESSIVE;
				CLANG_WARN_UNREACHABLE_CODE = YES;
				CLANG_WARN__DUPLICATE_METHOD_MATCH = YES;
				CODE_SIGN_IDENTITY = "iPhone Developer";
				COPY_PHASE_STRIP = NO;
				DEBUG_INFORMATION_FORMAT = dwarf;
				ENABLE_STRICT_OBJC_MSGSEND = YES;
				ENABLE_TESTABILITY = YES;
				GCC_C_LANGUAGE_STANDARD = gnu11;
				GCC_DYNAMIC_NO_PIC = NO;
				GCC_NO_COMMON_BLOCKS = YES;
				GCC_OPTIMIZATION_LEVEL = 0;
				GCC_PREPROCESSOR_DEFINITIONS = (
					"DEBUG=1",
					"$(inherited)",
				);
				GCC_WARN_64_TO_32_BIT_CONVERSION = YES;
				GCC_WARN_ABOUT_RETURN_TYPE = YES_ERROR;
				GCC_WARN_UNDECLARED_SELECTOR = YES;
				GCC_WARN_UNINITIALIZED_AUTOS = YES_AGGRESSIVE;
				GCC_WARN_UNUSED_FUNCTION = YES;
				GCC_WARN_UNUSED_VARIABLE = YES;
				IPHONEOS_DEPLOYMENT_TARGET = 12.0;
				MTL_ENABLE_DEBUG_INFO = INCLUDE_SOURCE;
				MTL_FAST_MATH = YES;
				ONLY_ACTIVE_ARCH = YES;
				SDKROOT = iphoneos;
				SWIFT_ACTIVE_COMPILATION_CONDITIONS = DEBUG;
				SWIFT_OPTIMIZATION_LEVEL = "-Onone";
			};
			name = Debug;
		};
		EC2BE3342185B3D7008ABCF6 /* Release */ = {
			isa = XCBuildConfiguration;
			buildSettings = {
				ALWAYS_SEARCH_USER_PATHS = NO;
				CLANG_ANALYZER_NONNULL = YES;
				CLANG_ANALYZER_NUMBER_OBJECT_CONVERSION = YES_AGGRESSIVE;
				CLANG_CXX_LANGUAGE_STANDARD = "gnu++14";
				CLANG_CXX_LIBRARY = "libc++";
				CLANG_ENABLE_MODULES = YES;
				CLANG_ENABLE_OBJC_ARC = YES;
				CLANG_ENABLE_OBJC_WEAK = YES;
				CLANG_WARN_BLOCK_CAPTURE_AUTORELEASING = YES;
				CLANG_WARN_BOOL_CONVERSION = YES;
				CLANG_WARN_COMMA = YES;
				CLANG_WARN_CONSTANT_CONVERSION = YES;
				CLANG_WARN_DEPRECATED_OBJC_IMPLEMENTATIONS = YES;
				CLANG_WARN_DIRECT_OBJC_ISA_USAGE = YES_ERROR;
				CLANG_WARN_DOCUMENTATION_COMMENTS = YES;
				CLANG_WARN_EMPTY_BODY = YES;
				CLANG_WARN_ENUM_CONVERSION = YES;
				CLANG_WARN_INFINITE_RECURSION = YES;
				CLANG_WARN_INT_CONVERSION = YES;
				CLANG_WARN_NON_LITERAL_NULL_CONVERSION = YES;
				CLANG_WARN_OBJC_IMPLICIT_RETAIN_SELF = YES;
				CLANG_WARN_OBJC_LITERAL_CONVERSION = YES;
				CLANG_WARN_OBJC_ROOT_CLASS = YES_ERROR;
				CLANG_WARN_RANGE_LOOP_ANALYSIS = YES;
				CLANG_WARN_STRICT_PROTOTYPES = YES;
				CLANG_WARN_SUSPICIOUS_MOVE = YES;
				CLANG_WARN_UNGUARDED_AVAILABILITY = YES_AGGRESSIVE;
				CLANG_WARN_UNREACHABLE_CODE = YES;
				CLANG_WARN__DUPLICATE_METHOD_MATCH = YES;
				CODE_SIGN_IDENTITY = "iPhone Developer";
				COPY_PHASE_STRIP = NO;
				DEBUG_INFORMATION_FORMAT = "dwarf-with-dsym";
				ENABLE_NS_ASSERTIONS = NO;
				ENABLE_STRICT_OBJC_MSGSEND = YES;
				GCC_C_LANGUAGE_STANDARD = gnu11;
				GCC_NO_COMMON_BLOCKS = YES;
				GCC_WARN_64_TO_32_BIT_CONVERSION = YES;
				GCC_WARN_ABOUT_RETURN_TYPE = YES_ERROR;
				GCC_WARN_UNDECLARED_SELECTOR = YES;
				GCC_WARN_UNINITIALIZED_AUTOS = YES_AGGRESSIVE;
				GCC_WARN_UNUSED_FUNCTION = YES;
				GCC_WARN_UNUSED_VARIABLE = YES;
				IPHONEOS_DEPLOYMENT_TARGET = 12.0;
				MTL_ENABLE_DEBUG_INFO = NO;
				MTL_FAST_MATH = YES;
				SDKROOT = iphoneos;
				SWIFT_COMPILATION_MODE = wholemodule;
				SWIFT_OPTIMIZATION_LEVEL = "-O";
				VALIDATE_PRODUCT = YES;
			};
			name = Release;
		};
		EC2BE3362185B3D7008ABCF6 /* Debug */ = {
			isa = XCBuildConfiguration;
			buildSettings = {
				ASSETCATALOG_COMPILER_APPICON_NAME = AppIcon;
				CODE_SIGN_STYLE = Manual;
				DEVELOPMENT_TEAM = "";
				INFOPLIST_FILE = Grid/Info.plist;
				IPHONEOS_DEPLOYMENT_TARGET = 9.0;
				LD_RUNPATH_SEARCH_PATHS = (
					"$(inherited)",
					"@executable_path/Frameworks",
				);
				PRODUCT_BUNDLE_IDENTIFIER = redmart.Grid;
				PRODUCT_NAME = "$(TARGET_NAME)";
				PROVISIONING_PROFILE_SPECIFIER = "";
				SWIFT_VERSION = 4.2;
				TARGETED_DEVICE_FAMILY = "1,2";
			};
			name = Debug;
		};
		EC2BE3372185B3D7008ABCF6 /* Release */ = {
			isa = XCBuildConfiguration;
			buildSettings = {
				ASSETCATALOG_COMPILER_APPICON_NAME = AppIcon;
				CODE_SIGN_STYLE = Manual;
				DEVELOPMENT_TEAM = "";
				INFOPLIST_FILE = Grid/Info.plist;
				IPHONEOS_DEPLOYMENT_TARGET = 9.0;
				LD_RUNPATH_SEARCH_PATHS = (
					"$(inherited)",
					"@executable_path/Frameworks",
				);
				PRODUCT_BUNDLE_IDENTIFIER = redmart.Grid;
				PRODUCT_NAME = "$(TARGET_NAME)";
				PROVISIONING_PROFILE_SPECIFIER = "";
				SWIFT_VERSION = 4.2;
				TARGETED_DEVICE_FAMILY = "1,2";
			};
			name = Release;
		};
		EC2BE3B9218756FC008ABCF6 /* Debug */ = {
			isa = XCBuildConfiguration;
			buildSettings = {
				BUNDLE_LOADER = "$(TEST_HOST)";
				CODE_SIGN_STYLE = Automatic;
				DEVELOPMENT_TEAM = PAZ33N7CJP;
				INFOPLIST_FILE = GridTests/Info.plist;
				LD_RUNPATH_SEARCH_PATHS = (
					"$(inherited)",
					"@executable_path/Frameworks",
					"@loader_path/Frameworks",
				);
				PRODUCT_BUNDLE_IDENTIFIER = redmart.GridTests;
				PRODUCT_NAME = "$(TARGET_NAME)";
				SWIFT_VERSION = 4.2;
				TARGETED_DEVICE_FAMILY = "1,2";
				TEST_HOST = "$(BUILT_PRODUCTS_DIR)/Grid.app/Grid";
			};
			name = Debug;
		};
		EC2BE3BA218756FC008ABCF6 /* Release */ = {
			isa = XCBuildConfiguration;
			buildSettings = {
				BUNDLE_LOADER = "$(TEST_HOST)";
				CODE_SIGN_STYLE = Automatic;
				DEVELOPMENT_TEAM = PAZ33N7CJP;
				INFOPLIST_FILE = GridTests/Info.plist;
				LD_RUNPATH_SEARCH_PATHS = (
					"$(inherited)",
					"@executable_path/Frameworks",
					"@loader_path/Frameworks",
				);
				PRODUCT_BUNDLE_IDENTIFIER = redmart.GridTests;
				PRODUCT_NAME = "$(TARGET_NAME)";
				SWIFT_VERSION = 4.2;
				TARGETED_DEVICE_FAMILY = "1,2";
				TEST_HOST = "$(BUILT_PRODUCTS_DIR)/Grid.app/Grid";
			};
			name = Release;
		};
/* End XCBuildConfiguration section */

/* Begin XCConfigurationList section */
		EC2BE31E2185B3D5008ABCF6 /* Build configuration list for PBXProject "Grid" */ = {
			isa = XCConfigurationList;
			buildConfigurations = (
				EC2BE3332185B3D7008ABCF6 /* Debug */,
				EC2BE3342185B3D7008ABCF6 /* Release */,
			);
			defaultConfigurationIsVisible = 0;
			defaultConfigurationName = Release;
		};
		EC2BE3352185B3D7008ABCF6 /* Build configuration list for PBXNativeTarget "Grid" */ = {
			isa = XCConfigurationList;
			buildConfigurations = (
				EC2BE3362185B3D7008ABCF6 /* Debug */,
				EC2BE3372185B3D7008ABCF6 /* Release */,
			);
			defaultConfigurationIsVisible = 0;
			defaultConfigurationName = Release;
		};
		EC2BE3B8218756FC008ABCF6 /* Build configuration list for PBXNativeTarget "GridTests" */ = {
			isa = XCConfigurationList;
			buildConfigurations = (
				EC2BE3B9218756FC008ABCF6 /* Debug */,
				EC2BE3BA218756FC008ABCF6 /* Release */,
			);
			defaultConfigurationIsVisible = 0;
			defaultConfigurationName = Release;
		};
/* End XCConfigurationList section */
	};
	rootObject = EC2BE31B2185B3D5008ABCF6 /* Project object */;
}
